
Microsoft Visual Studio Solution File, Format Version 12.00
# Visual Studio Version 16
VisualStudioVersion = 16.0.30114.105
MinimumVisualStudioVersion = 10.0.40219.1
Project("{FAE04EC0-301F-11D3-BF4B-00C04F79EFBC}") = "MTSChrzanow.Android", "MTSChrzanow.Android\MTSChrzanow.Android.csproj", "{1D6BF318-96B9-4DFD-B03A-F751A9EEB1C8}"
EndProject
Project("{FAE04EC0-301F-11D3-BF4B-00C04F79EFBC}") = "MTSChrzanow.iOS", "MTSChrzanow.iOS\MTSChrzanow.iOS.csproj", "{E1E6678B-B1EB-48FD-84E3-101BB3A52206}"
EndProject
Project("{FAE04EC0-301F-11D3-BF4B-00C04F79EFBC}") = "MTSChrzanow", "MTSChrzanow\MTSChrzanow.csproj", "{DCD76624-1F10-4D05-AA78-B489389A9444}"
EndProject
Global
	GlobalSection(SolutionConfigurationPlatforms) = preSolution
		Debug|Any CPU = Debug|Any CPU
		Debug|iPhone = Debug|iPhone
		Debug|iPhoneSimulator = Debug|iPhoneSimulator
		Release|Any CPU = Release|Any CPU
		Release|iPhone = Release|iPhone
		Release|iPhoneSimulator = Release|iPhoneSimulator
	EndGlobalSection
	GlobalSection(ProjectConfigurationPlatforms) = postSolution
		{1D6BF318-96B9-4DFD-B03A-F751A9EEB1C8}.Debug|Any CPU.ActiveCfg = Debug|Any CPU
		{1D6BF318-96B9-4DFD-B03A-F751A9EEB1C8}.Debug|Any CPU.Build.0 = Debug|Any CPU
		{1D6BF318-96B9-4DFD-B03A-F751A9EEB1C8}.Debug|Any CPU.Deploy.0 = Debug|Any CPU
		{1D6BF318-96B9-4DFD-B03A-F751A9EEB1C8}.Debug|iPhone.ActiveCfg = Debug|Any CPU
		{1D6BF318-96B9-4DFD-B03A-F751A9EEB1C8}.Debug|iPhone.Build.0 = Debug|Any CPU
		{1D6BF318-96B9-4DFD-B03A-F751A9EEB1C8}.Debug|iPhone.Deploy.0 = Debug|Any CPU
		{1D6BF318-96B9-4DFD-B03A-F751A9EEB1C8}.Debug|iPhoneSimulator.ActiveCfg = Debug|Any CPU
		{1D6BF318-96B9-4DFD-B03A-F751A9EEB1C8}.Debug|iPhoneSimulator.Build.0 = Debug|Any CPU
		{1D6BF318-96B9-4DFD-B03A-F751A9EEB1C8}.Debug|iPhoneSimulator.Deploy.0 = Debug|Any CPU
		{1D6BF318-96B9-4DFD-B03A-F751A9EEB1C8}.Release|Any CPU.ActiveCfg = Release|Any CPU
		{1D6BF318-96B9-4DFD-B03A-F751A9EEB1C8}.Release|Any CPU.Build.0 = Release|Any CPU
		{1D6BF318-96B9-4DFD-B03A-F751A9EEB1C8}.Release|Any CPU.Deploy.0 = Release|Any CPU
		{1D6BF318-96B9-4DFD-B03A-F751A9EEB1C8}.Release|iPhone.ActiveCfg = Release|Any CPU
		{1D6BF318-96B9-4DFD-B03A-F751A9EEB1C8}.Release|iPhone.Build.0 = Release|Any CPU
		{1D6BF318-96B9-4DFD-B03A-F751A9EEB1C8}.Release|iPhone.Deploy.0 = Release|Any CPU
		{1D6BF318-96B9-4DFD-B03A-F751A9EEB1C8}.Release|iPhoneSimulator.ActiveCfg = Release|Any CPU
		{1D6BF318-96B9-4DFD-B03A-F751A9EEB1C8}.Release|iPhoneSimulator.Build.0 = Release|Any CPU
		{1D6BF318-96B9-4DFD-B03A-F751A9EEB1C8}.Release|iPhoneSimulator.Deploy.0 = Release|Any CPU
		{E1E6678B-B1EB-48FD-84E3-101BB3A52206}.Debug|Any CPU.ActiveCfg = Debug|iPhone
		{E1E6678B-B1EB-48FD-84E3-101BB3A52206}.Debug|Any CPU.Build.0 = Debug|iPhone
		{E1E6678B-B1EB-48FD-84E3-101BB3A52206}.Debug|Any CPU.Deploy.0 = Debug|iPhone
		{E1E6678B-B1EB-48FD-84E3-101BB3A52206}.Debug|iPhone.ActiveCfg = Debug|iPhone
		{E1E6678B-B1EB-48FD-84E3-101BB3A52206}.Debug|iPhone.Build.0 = Debug|iPhone
		{E1E6678B-B1EB-48FD-84E3-101BB3A52206}.Debug|iPhone.Deploy.0 = Debug|iPhone
		{E1E6678B-B1EB-48FD-84E3-101BB3A52206}.Debug|iPhoneSimulator.ActiveCfg = Debug|iPhoneSimulator
		{E1E6678B-B1EB-48FD-84E3-101BB3A52206}.Debug|iPhoneSimulator.Build.0 = Debug|iPhoneSimulator
		{E1E6678B-B1EB-48FD-84E3-101BB3A52206}.Debug|iPhoneSimulator.Deploy.0 = Debug|iPhoneSimulator
		{E1E6678B-B1EB-48FD-84E3-101BB3A52206}.Release|Any CPU.ActiveCfg = Release|iPhone
		{E1E6678B-B1EB-48FD-84E3-101BB3A52206}.Release|Any CPU.Build.0 = Release|iPhone
		{E1E6678B-B1EB-48FD-84E3-101BB3A52206}.Release|Any CPU.Deploy.0 = Release|iPhone
		{E1E6678B-B1EB-48FD-84E3-101BB3A52206}.Release|iPhone.ActiveCfg = Release|iPhone
		{E1E6678B-B1EB-48FD-84E3-101BB3A52206}.Release|iPhone.Build.0 = Release|iPhone
		{E1E6678B-B1EB-48FD-84E3-101BB3A52206}.Release|iPhone.Deploy.0 = Release|iPhone
		{E1E6678B-B1EB-48FD-84E3-101BB3A52206}.Release|iPhoneSimulator.ActiveCfg = Release|iPhoneSimulator
		{E1E6678B-B1EB-48FD-84E3-101BB3A52206}.Release|iPhoneSimulator.Build.0 = Release|iPhoneSimulator
		{E1E6678B-B1EB-48FD-84E3-101BB3A52206}.Release|iPhoneSimulator.Deploy.0 = Release|iPhoneSimulator
		{DCD76624-1F10-4D05-AA78-B489389A9444}.Debug|Any CPU.ActiveCfg = Debug|Any CPU
		{DCD76624-1F10-4D05-AA78-B489389A9444}.Debug|Any CPU.Build.0 = Debug|Any CPU
		{DCD76624-1F10-4D05-AA78-B489389A9444}.Debug|Any CPU.Deploy.0 = Debug|Any CPU
		{DCD76624-1F10-4D05-AA78-B489389A9444}.Debug|iPhone.ActiveCfg = Debug|Any CPU
		{DCD76624-1F10-4D05-AA78-B489389A9444}.Debug|iPhone.Build.0 = Debug|Any CPU
		{DCD76624-1F10-4D05-AA78-B489389A9444}.Debug|iPhone.Deploy.0 = Debug|Any CPU
		{DCD76624-1F10-4D05-AA78-B489389A9444}.Debug|iPhoneSimulator.ActiveCfg = Debug|Any CPU
		{DCD76624-1F10-4D05-AA78-B489389A9444}.Debug|iPhoneSimulator.Build.0 = Debug|Any CPU
		{DCD76624-1F10-4D05-AA78-B489389A9444}.Debug|iPhoneSimulator.Deploy.0 = Debug|Any CPU
		{DCD76624-1F10-4D05-AA78-B489389A9444}.Release|Any CPU.ActiveCfg = Release|Any CPU
		{DCD76624-1F10-4D05-AA78-B489389A9444}.Release|Any CPU.Build.0 = Release|Any CPU
		{DCD76624-1F10-4D05-AA78-B489389A9444}.Release|Any CPU.Deploy.0 = Release|Any CPU
		{DCD76624-1F10-4D05-AA78-B489389A9444}.Release|iPhone.ActiveCfg = Release|Any CPU
		{DCD76624-1F10-4D05-AA78-B489389A9444}.Release|iPhone.Build.0 = Release|Any CPU
		{DCD76624-1F10-4D05-AA78-B489389A9444}.Release|iPhone.Deploy.0 = Release|Any CPU
		{DCD76624-1F10-4D05-AA78-B489389A9444}.Release|iPhoneSimulator.ActiveCfg = Release|Any CPU
		{DCD76624-1F10-4D05-AA78-B489389A9444}.Release|iPhoneSimulator.Build.0 = Release|Any CPU
		{DCD76624-1F10-4D05-AA78-B489389A9444}.Release|iPhoneSimulator.Deploy.0 = Release|Any CPU
	EndGlobalSection
	GlobalSection(SolutionProperties) = preSolution
		HideSolutionNode = FALSE
	EndGlobalSection
	GlobalSection(ExtensibilityGlobals) = postSolution
		SolutionGuid = {E9ECE9EA-43AD-4507-9FAD-B57B08246E78}
	EndGlobalSection
EndGlobal
